
Microsoft Visual Studio Solution File, Format Version 12.00
# Visual Studio Version 16
VisualStudioVersion = 16.6.30114.105
MinimumVisualStudioVersion = 10.0.40219.1
Project("{2150E333-8FDC-42A3-9474-1A3956D46DE8}") = "Solution Items", "Solution Items", "{3EAD8C64-5F73-44B6-BB81-EC03C4267E14}"
	ProjectSection(SolutionItems) = preProject
		rabbitmq.yaml = rabbitmq.yaml
		..\README.md = ..\README.md
		redis.yaml = redis.yaml
		tye.yaml = tye.yaml
	EndProjectSection
EndProject
Project("{9A19103F-16F7-4668-BE54-9A1E7A4F7556}") = "Einstein", "Einstein\Einstein.csproj", "{73750023-AAEC-4660-8349-8DFBFF7F390F}"
EndProject
Project("{9A19103F-16F7-4668-BE54-9A1E7A4F7556}") = "Evelyne", "Evelyne\Evelyne.csproj", "{C43D4626-87D4-4003-A287-ACA161608E00}"
EndProject
Project("{9A19103F-16F7-4668-BE54-9A1E7A4F7556}") = "Bruce", "Bruce\Bruce.csproj", "{E22488AD-1864-46B1-9BD3-D6C480545067}"
EndProject
Project("{9A19103F-16F7-4668-BE54-9A1E7A4F7556}") = "Madeleine", "Madeleine\Madeleine.csproj", "{C94056D2-EC95-45A4-81EE-846376F175F1}"
EndProject
Project("{9A19103F-16F7-4668-BE54-9A1E7A4F7556}") = "Robert", "Robert\Robert.csproj", "{5E42F8D3-9771-4AF8-8DCA-D47539BE863D}"
EndProject
Global
	GlobalSection(SolutionConfigurationPlatforms) = preSolution
		Debug|Any CPU = Debug|Any CPU
		Debug|x64 = Debug|x64
		Debug|x86 = Debug|x86
		Release|Any CPU = Release|Any CPU
		Release|x64 = Release|x64
		Release|x86 = Release|x86
	EndGlobalSection
	GlobalSection(ProjectConfigurationPlatforms) = postSolution
		{73750023-AAEC-4660-8349-8DFBFF7F390F}.Debug|Any CPU.ActiveCfg = Debug|Any CPU
		{73750023-AAEC-4660-8349-8DFBFF7F390F}.Debug|Any CPU.Build.0 = Debug|Any CPU
		{73750023-AAEC-4660-8349-8DFBFF7F390F}.Debug|x64.ActiveCfg = Debug|Any CPU
		{73750023-AAEC-4660-8349-8DFBFF7F390F}.Debug|x64.Build.0 = Debug|Any CPU
		{73750023-AAEC-4660-8349-8DFBFF7F390F}.Debug|x86.ActiveCfg = Debug|Any CPU
		{73750023-AAEC-4660-8349-8DFBFF7F390F}.Debug|x86.Build.0 = Debug|Any CPU
		{73750023-AAEC-4660-8349-8DFBFF7F390F}.Release|Any CPU.ActiveCfg = Release|Any CPU
		{73750023-AAEC-4660-8349-8DFBFF7F390F}.Release|Any CPU.Build.0 = Release|Any CPU
		{73750023-AAEC-4660-8349-8DFBFF7F390F}.Release|x64.ActiveCfg = Release|Any CPU
		{73750023-AAEC-4660-8349-8DFBFF7F390F}.Release|x64.Build.0 = Release|Any CPU
		{73750023-AAEC-4660-8349-8DFBFF7F390F}.Release|x86.ActiveCfg = Release|Any CPU
		{73750023-AAEC-4660-8349-8DFBFF7F390F}.Release|x86.Build.0 = Release|Any CPU
		{C43D4626-87D4-4003-A287-ACA161608E00}.Debug|Any CPU.ActiveCfg = Debug|Any CPU
		{C43D4626-87D4-4003-A287-ACA161608E00}.Debug|Any CPU.Build.0 = Debug|Any CPU
		{C43D4626-87D4-4003-A287-ACA161608E00}.Debug|x64.ActiveCfg = Debug|Any CPU
		{C43D4626-87D4-4003-A287-ACA161608E00}.Debug|x64.Build.0 = Debug|Any CPU
		{C43D4626-87D4-4003-A287-ACA161608E00}.Debug|x86.ActiveCfg = Debug|Any CPU
		{C43D4626-87D4-4003-A287-ACA161608E00}.Debug|x86.Build.0 = Debug|Any CPU
		{C43D4626-87D4-4003-A287-ACA161608E00}.Release|Any CPU.ActiveCfg = Release|Any CPU
		{C43D4626-87D4-4003-A287-ACA161608E00}.Release|Any CPU.Build.0 = Release|Any CPU
		{C43D4626-87D4-4003-A287-ACA161608E00}.Release|x64.ActiveCfg = Release|Any CPU
		{C43D4626-87D4-4003-A287-ACA161608E00}.Release|x64.Build.0 = Release|Any CPU
		{C43D4626-87D4-4003-A287-ACA161608E00}.Release|x86.ActiveCfg = Release|Any CPU
		{C43D4626-87D4-4003-A287-ACA161608E00}.Release|x86.Build.0 = Release|Any CPU
		{E22488AD-1864-46B1-9BD3-D6C480545067}.Debug|Any CPU.ActiveCfg = Debug|Any CPU
		{E22488AD-1864-46B1-9BD3-D6C480545067}.Debug|Any CPU.Build.0 = Debug|Any CPU
		{E22488AD-1864-46B1-9BD3-D6C480545067}.Debug|x64.ActiveCfg = Debug|Any CPU
		{E22488AD-1864-46B1-9BD3-D6C480545067}.Debug|x64.Build.0 = Debug|Any CPU
		{E22488AD-1864-46B1-9BD3-D6C480545067}.Debug|x86.ActiveCfg = Debug|Any CPU
		{E22488AD-1864-46B1-9BD3-D6C480545067}.Debug|x86.Build.0 = Debug|Any CPU
		{E22488AD-1864-46B1-9BD3-D6C480545067}.Release|Any CPU.ActiveCfg = Release|Any CPU
		{E22488AD-1864-46B1-9BD3-D6C480545067}.Release|Any CPU.Build.0 = Release|Any CPU
		{E22488AD-1864-46B1-9BD3-D6C480545067}.Release|x64.ActiveCfg = Release|Any CPU
		{E22488AD-1864-46B1-9BD3-D6C480545067}.Release|x64.Build.0 = Release|Any CPU
		{E22488AD-1864-46B1-9BD3-D6C480545067}.Release|x86.ActiveCfg = Release|Any CPU
		{E22488AD-1864-46B1-9BD3-D6C480545067}.Release|x86.Build.0 = Release|Any CPU
		{C94056D2-EC95-45A4-81EE-846376F175F1}.Debug|Any CPU.ActiveCfg = Debug|Any CPU
		{C94056D2-EC95-45A4-81EE-846376F175F1}.Debug|Any CPU.Build.0 = Debug|Any CPU
		{C94056D2-EC95-45A4-81EE-846376F175F1}.Debug|x64.ActiveCfg = Debug|Any CPU
		{C94056D2-EC95-45A4-81EE-846376F175F1}.Debug|x64.Build.0 = Debug|Any CPU
		{C94056D2-EC95-45A4-81EE-846376F175F1}.Debug|x86.ActiveCfg = Debug|Any CPU
		{C94056D2-EC95-45A4-81EE-846376F175F1}.Debug|x86.Build.0 = Debug|Any CPU
		{C94056D2-EC95-45A4-81EE-846376F175F1}.Release|Any CPU.ActiveCfg = Release|Any CPU
		{C94056D2-EC95-45A4-81EE-846376F175F1}.Release|Any CPU.Build.0 = Release|Any CPU
		{C94056D2-EC95-45A4-81EE-846376F175F1}.Release|x64.ActiveCfg = Release|Any CPU
		{C94056D2-EC95-45A4-81EE-846376F175F1}.Release|x64.Build.0 = Release|Any CPU
		{C94056D2-EC95-45A4-81EE-846376F175F1}.Release|x86.ActiveCfg = Release|Any CPU
		{C94056D2-EC95-45A4-81EE-846376F175F1}.Release|x86.Build.0 = Release|Any CPU
		{5E42F8D3-9771-4AF8-8DCA-D47539BE863D}.Debug|Any CPU.ActiveCfg = Debug|Any CPU
		{5E42F8D3-9771-4AF8-8DCA-D47539BE863D}.Debug|Any CPU.Build.0 = Debug|Any CPU
		{5E42F8D3-9771-4AF8-8DCA-D47539BE863D}.Debug|x64.ActiveCfg = Debug|Any CPU
		{5E42F8D3-9771-4AF8-8DCA-D47539BE863D}.Debug|x64.Build.0 = Debug|Any CPU
		{5E42F8D3-9771-4AF8-8DCA-D47539BE863D}.Debug|x86.ActiveCfg = Debug|Any CPU
		{5E42F8D3-9771-4AF8-8DCA-D47539BE863D}.Debug|x86.Build.0 = Debug|Any CPU
		{5E42F8D3-9771-4AF8-8DCA-D47539BE863D}.Release|Any CPU.ActiveCfg = Release|Any CPU
		{5E42F8D3-9771-4AF8-8DCA-D47539BE863D}.Release|Any CPU.Build.0 = Release|Any CPU
		{5E42F8D3-9771-4AF8-8DCA-D47539BE863D}.Release|x64.ActiveCfg = Release|Any CPU
		{5E42F8D3-9771-4AF8-8DCA-D47539BE863D}.Release|x64.Build.0 = Release|Any CPU
		{5E42F8D3-9771-4AF8-8DCA-D47539BE863D}.Release|x86.ActiveCfg = Release|Any CPU
		{5E42F8D3-9771-4AF8-8DCA-D47539BE863D}.Release|x86.Build.0 = Release|Any CPU
	EndGlobalSection
	GlobalSection(SolutionProperties) = preSolution
		HideSolutionNode = FALSE
	EndGlobalSection
	GlobalSection(ExtensibilityGlobals) = postSolution
		SolutionGuid = {920CA742-7487-4A6B-BA19-BB06F8C1B687}
	EndGlobalSection
EndGlobal
